
Microsoft Visual Studio Solution File, Format Version 12.00
# Visual Studio Version 17
VisualStudioVersion = 17.11.35303.130
MinimumVisualStudioVersion = 10.0.40219.1
Project("{FAE04EC0-301F-11D3-BF4B-00C04F79EFBC}") = "even or odd", "even or odd\even or odd.csproj", "{CAFFF5C2-2EEA-4B88-A90E-2715C4DDDC17}"
EndProject
Global
	GlobalSection(SolutionConfigurationPlatforms) = preSolution
		Debug|Any CPU = Debug|Any CPU
		Release|Any CPU = Release|Any CPU
	EndGlobalSection
	GlobalSection(ProjectConfigurationPlatforms) = postSolution
		{CAFFF5C2-2EEA-4B88-A90E-2715C4DDDC17}.Debug|Any CPU.ActiveCfg = Debug|Any CPU
		{CAFFF5C2-2EEA-4B88-A90E-2715C4DDDC17}.Debug|Any CPU.Build.0 = Debug|Any CPU
		{CAFFF5C2-2EEA-4B88-A90E-2715C4DDDC17}.Release|Any CPU.ActiveCfg = Release|Any CPU
		{CAFFF5C2-2EEA-4B88-A90E-2715C4DDDC17}.Release|Any CPU.Build.0 = Release|Any CPU
	EndGlobalSection
	GlobalSection(SolutionProperties) = preSolution
		HideSolutionNode = FALSE
	EndGlobalSection
	GlobalSection(ExtensibilityGlobals) = postSolution
		SolutionGuid = {86ACA3B0-D0E5-491D-AD75-8F2D7FCD0D9B}
	EndGlobalSection
EndGlobal
